
Microsoft Visual Studio Solution File, Format Version 12.00
# Visual Studio Version 17
VisualStudioVersion = 17.0.32126.317
MinimumVisualStudioVersion = 10.0.40219.1
Project("{FAE04EC0-301F-11D3-BF4B-00C04F79EFBC}") = "UsersService.Domain", "UsersService.Domain\UsersService.Domain.csproj", "{1DC80472-AFDA-4DD9-9153-349E3F14369A}"
EndProject
Project("{FAE04EC0-301F-11D3-BF4B-00C04F79EFBC}") = "UsersService.Infrastructure", "UsersService.Infrastructure\UsersService.Infrastructure.csproj", "{2EB42ED6-5A71-4B64-B086-8D7F52391EEF}"
EndProject
Project("{FAE04EC0-301F-11D3-BF4B-00C04F79EFBC}") = "UsersService.Application", "UsersService.Application\UsersService.Application.csproj", "{AA06C8CF-D458-4D0F-8416-778C553FC648}"
EndProject
Project("{FAE04EC0-301F-11D3-BF4B-00C04F79EFBC}") = "UsersService.Presentation", "UsersService.Presentation\UsersService.Presentation.csproj", "{9271F2B8-1D9A-49F8-A778-1A97F5B88E76}"
EndProject
Global
	GlobalSection(SolutionConfigurationPlatforms) = preSolution
		Debug|Any CPU = Debug|Any CPU
		Release|Any CPU = Release|Any CPU
	EndGlobalSection
	GlobalSection(ProjectConfigurationPlatforms) = postSolution
		{1DC80472-AFDA-4DD9-9153-349E3F14369A}.Debug|Any CPU.ActiveCfg = Debug|Any CPU
		{1DC80472-AFDA-4DD9-9153-349E3F14369A}.Debug|Any CPU.Build.0 = Debug|Any CPU
		{1DC80472-AFDA-4DD9-9153-349E3F14369A}.Release|Any CPU.ActiveCfg = Release|Any CPU
		{1DC80472-AFDA-4DD9-9153-349E3F14369A}.Release|Any CPU.Build.0 = Release|Any CPU
		{2EB42ED6-5A71-4B64-B086-8D7F52391EEF}.Debug|Any CPU.ActiveCfg = Debug|Any CPU
		{2EB42ED6-5A71-4B64-B086-8D7F52391EEF}.Debug|Any CPU.Build.0 = Debug|Any CPU
		{2EB42ED6-5A71-4B64-B086-8D7F52391EEF}.Release|Any CPU.ActiveCfg = Release|Any CPU
		{2EB42ED6-5A71-4B64-B086-8D7F52391EEF}.Release|Any CPU.Build.0 = Release|Any CPU
		{AA06C8CF-D458-4D0F-8416-778C553FC648}.Debug|Any CPU.ActiveCfg = Debug|Any CPU
		{AA06C8CF-D458-4D0F-8416-778C553FC648}.Debug|Any CPU.Build.0 = Debug|Any CPU
		{AA06C8CF-D458-4D0F-8416-778C553FC648}.Release|Any CPU.ActiveCfg = Release|Any CPU
		{AA06C8CF-D458-4D0F-8416-778C553FC648}.Release|Any CPU.Build.0 = Release|Any CPU
		{9271F2B8-1D9A-49F8-A778-1A97F5B88E76}.Debug|Any CPU.ActiveCfg = Debug|Any CPU
		{9271F2B8-1D9A-49F8-A778-1A97F5B88E76}.Debug|Any CPU.Build.0 = Debug|Any CPU
		{9271F2B8-1D9A-49F8-A778-1A97F5B88E76}.Release|Any CPU.ActiveCfg = Release|Any CPU
		{9271F2B8-1D9A-49F8-A778-1A97F5B88E76}.Release|Any CPU.Build.0 = Release|Any CPU
	EndGlobalSection
	GlobalSection(SolutionProperties) = preSolution
		HideSolutionNode = FALSE
	EndGlobalSection
	GlobalSection(ExtensibilityGlobals) = postSolution
		SolutionGuid = {D54254FD-AF5F-49B1-8CF3-FD799B2E0E55}
	EndGlobalSection
EndGlobal
